
Microsoft Visual Studio Solution File, Format Version 12.00
# Visual Studio Version 17
VisualStudioVersion = 17.2.32616.157
MinimumVisualStudioVersion = 10.0.40219.1
Project("{9A19103F-16F7-4668-BE54-9A1E7A4F7556}") = "SalaryCalc", "SalaryCalc\SalaryCalc.csproj", "{58171C9E-1D88-430A-8276-82A26D19BF79}"
	ProjectSection(ProjectDependencies) = postProject
		{BCDF76F3-7E53-4A01-80E4-4405CABE809A} = {BCDF76F3-7E53-4A01-80E4-4405CABE809A}
	EndProjectSection
EndProject
Project("{9A19103F-16F7-4668-BE54-9A1E7A4F7556}") = "Common", "Common\Common.csproj", "{D8C7ABC5-A80B-42C2-A8E9-BEE8979A8C97}"
EndProject
Project("{9A19103F-16F7-4668-BE54-9A1E7A4F7556}") = "Core", "Core\Core.csproj", "{D33A6D85-86BE-47EB-9076-E5D50DC6C75D}"
	ProjectSection(ProjectDependencies) = postProject
		{D8C7ABC5-A80B-42C2-A8E9-BEE8979A8C97} = {D8C7ABC5-A80B-42C2-A8E9-BEE8979A8C97}
	EndProjectSection
EndProject
Project("{9A19103F-16F7-4668-BE54-9A1E7A4F7556}") = "DAL", "DAL\DAL.csproj", "{DD9F9299-21F5-42F8-8F99-5655E049712F}"
	ProjectSection(ProjectDependencies) = postProject
		{D33A6D85-86BE-47EB-9076-E5D50DC6C75D} = {D33A6D85-86BE-47EB-9076-E5D50DC6C75D}
		{D8C7ABC5-A80B-42C2-A8E9-BEE8979A8C97} = {D8C7ABC5-A80B-42C2-A8E9-BEE8979A8C97}
	EndProjectSection
EndProject
Project("{9A19103F-16F7-4668-BE54-9A1E7A4F7556}") = "Services", "Services\Services.csproj", "{BCDF76F3-7E53-4A01-80E4-4405CABE809A}"
	ProjectSection(ProjectDependencies) = postProject
		{D33A6D85-86BE-47EB-9076-E5D50DC6C75D} = {D33A6D85-86BE-47EB-9076-E5D50DC6C75D}
		{D8C7ABC5-A80B-42C2-A8E9-BEE8979A8C97} = {D8C7ABC5-A80B-42C2-A8E9-BEE8979A8C97}
		{DD9F9299-21F5-42F8-8F99-5655E049712F} = {DD9F9299-21F5-42F8-8F99-5655E049712F}
	EndProjectSection
EndProject
Project("{2150E333-8FDC-42A3-9474-1A3956D46DE8}") = "Tests", "Tests", "{FBE48329-F2BC-462D-A8BE-2415E99B6207}"
EndProject
Project("{FAE04EC0-301F-11D3-BF4B-00C04F79EFBC}") = "SalaryCalc.Tests", "SalaryCalc.Tests\SalaryCalc.Tests.csproj", "{965CE685-D952-4702-8739-F042A0A5CC87}"
EndProject
Project("{FAE04EC0-301F-11D3-BF4B-00C04F79EFBC}") = "Services.Tests", "Services.Tests\Services.Tests.csproj", "{13BBC0BB-EC77-4EE4-B750-3DE9F5910956}"
EndProject
Global
	GlobalSection(SolutionConfigurationPlatforms) = preSolution
		Debug|Any CPU = Debug|Any CPU
		Release|Any CPU = Release|Any CPU
	EndGlobalSection
	GlobalSection(ProjectConfigurationPlatforms) = postSolution
		{58171C9E-1D88-430A-8276-82A26D19BF79}.Debug|Any CPU.ActiveCfg = Debug|Any CPU
		{58171C9E-1D88-430A-8276-82A26D19BF79}.Debug|Any CPU.Build.0 = Debug|Any CPU
		{58171C9E-1D88-430A-8276-82A26D19BF79}.Release|Any CPU.ActiveCfg = Release|Any CPU
		{58171C9E-1D88-430A-8276-82A26D19BF79}.Release|Any CPU.Build.0 = Release|Any CPU
		{D8C7ABC5-A80B-42C2-A8E9-BEE8979A8C97}.Debug|Any CPU.ActiveCfg = Debug|Any CPU
		{D8C7ABC5-A80B-42C2-A8E9-BEE8979A8C97}.Debug|Any CPU.Build.0 = Debug|Any CPU
		{D8C7ABC5-A80B-42C2-A8E9-BEE8979A8C97}.Release|Any CPU.ActiveCfg = Release|Any CPU
		{D8C7ABC5-A80B-42C2-A8E9-BEE8979A8C97}.Release|Any CPU.Build.0 = Release|Any CPU
		{D33A6D85-86BE-47EB-9076-E5D50DC6C75D}.Debug|Any CPU.ActiveCfg = Debug|Any CPU
		{D33A6D85-86BE-47EB-9076-E5D50DC6C75D}.Debug|Any CPU.Build.0 = Debug|Any CPU
		{D33A6D85-86BE-47EB-9076-E5D50DC6C75D}.Release|Any CPU.ActiveCfg = Release|Any CPU
		{D33A6D85-86BE-47EB-9076-E5D50DC6C75D}.Release|Any CPU.Build.0 = Release|Any CPU
		{DD9F9299-21F5-42F8-8F99-5655E049712F}.Debug|Any CPU.ActiveCfg = Debug|Any CPU
		{DD9F9299-21F5-42F8-8F99-5655E049712F}.Debug|Any CPU.Build.0 = Debug|Any CPU
		{DD9F9299-21F5-42F8-8F99-5655E049712F}.Release|Any CPU.ActiveCfg = Release|Any CPU
		{DD9F9299-21F5-42F8-8F99-5655E049712F}.Release|Any CPU.Build.0 = Release|Any CPU
		{BCDF76F3-7E53-4A01-80E4-4405CABE809A}.Debug|Any CPU.ActiveCfg = Debug|Any CPU
		{BCDF76F3-7E53-4A01-80E4-4405CABE809A}.Debug|Any CPU.Build.0 = Debug|Any CPU
		{BCDF76F3-7E53-4A01-80E4-4405CABE809A}.Release|Any CPU.ActiveCfg = Release|Any CPU
		{BCDF76F3-7E53-4A01-80E4-4405CABE809A}.Release|Any CPU.Build.0 = Release|Any CPU
		{965CE685-D952-4702-8739-F042A0A5CC87}.Debug|Any CPU.ActiveCfg = Debug|Any CPU
		{965CE685-D952-4702-8739-F042A0A5CC87}.Debug|Any CPU.Build.0 = Debug|Any CPU
		{965CE685-D952-4702-8739-F042A0A5CC87}.Release|Any CPU.ActiveCfg = Release|Any CPU
		{965CE685-D952-4702-8739-F042A0A5CC87}.Release|Any CPU.Build.0 = Release|Any CPU
		{13BBC0BB-EC77-4EE4-B750-3DE9F5910956}.Debug|Any CPU.ActiveCfg = Debug|Any CPU
		{13BBC0BB-EC77-4EE4-B750-3DE9F5910956}.Debug|Any CPU.Build.0 = Debug|Any CPU
		{13BBC0BB-EC77-4EE4-B750-3DE9F5910956}.Release|Any CPU.ActiveCfg = Release|Any CPU
		{13BBC0BB-EC77-4EE4-B750-3DE9F5910956}.Release|Any CPU.Build.0 = Release|Any CPU
	EndGlobalSection
	GlobalSection(SolutionProperties) = preSolution
		HideSolutionNode = FALSE
	EndGlobalSection
	GlobalSection(NestedProjects) = preSolution
		{965CE685-D952-4702-8739-F042A0A5CC87} = {FBE48329-F2BC-462D-A8BE-2415E99B6207}
		{13BBC0BB-EC77-4EE4-B750-3DE9F5910956} = {FBE48329-F2BC-462D-A8BE-2415E99B6207}
	EndGlobalSection
	GlobalSection(ExtensibilityGlobals) = postSolution
		SolutionGuid = {F212BA1C-3433-4D01-9B02-EF91DB4A87F7}
	EndGlobalSection
EndGlobal
